
Microsoft Visual Studio Solution File, Format Version 12.00
# Visual Studio 2013
VisualStudioVersion = 12.0.30723.0
MinimumVisualStudioVersion = 10.0.40219.1
Project("{FAE04EC0-301F-11D3-BF4B-00C04F79EFBC}") = "BelibaHoma", "BelibaHoma\BelibaHoma.csproj", "{F4AE901C-AF19-449C-9D25-B9CE601BD945}"
EndProject
Project("{FAE04EC0-301F-11D3-BF4B-00C04F79EFBC}") = "BelibaHoma.BLL", "BelibaHoma.BLL\BelibaHoma.BLL.csproj", "{BCB5EF31-B82D-4B5C-8ACA-DEED10703572}"
EndProject
Project("{FAE04EC0-301F-11D3-BF4B-00C04F79EFBC}") = "BelibaHoma.DAL", "BelibaHoma.DAL\BelibaHoma.DAL.csproj", "{A22E56A7-7DA3-4C2F-85E2-D9CB12200CFC}"
EndProject
Project("{2150E333-8FDC-42A3-9474-1A3956D46DE8}") = ".nuget", ".nuget", "{278E9BEE-3C99-43F8-BBC0-F5688519389B}"
	ProjectSection(SolutionItems) = preProject
		.nuget\NuGet.Config = .nuget\NuGet.Config
		.nuget\NuGet.exe = .nuget\NuGet.exe
		.nuget\NuGet.targets = .nuget\NuGet.targets
	EndProjectSection
EndProject
Project("{FAE04EC0-301F-11D3-BF4B-00C04F79EFBC}") = "Extensions", "Extensions\Extensions.csproj", "{60797012-0D76-45CF-AC74-6372F8FC7857}"
EndProject
Project("{FAE04EC0-301F-11D3-BF4B-00C04F79EFBC}") = "Generic", "Generic\Generic.csproj", "{91D440D1-4962-4687-B2EE-F2B69DEC23E0}"
EndProject
Project("{FAE04EC0-301F-11D3-BF4B-00C04F79EFBC}") = "Services", "Services\Services.csproj", "{13F45A22-A0CF-4773-A668-DEEAA1AD4144}"
EndProject
Project("{FAE04EC0-301F-11D3-BF4B-00C04F79EFBC}") = "ConsoleApplication1", "ConsoleApplication1\ConsoleApplication1.csproj", "{C54D8FBA-F538-4C8C-8843-0CB758E61FD5}"
EndProject
Global
	GlobalSection(SolutionConfigurationPlatforms) = preSolution
		Debug|Any CPU = Debug|Any CPU
		Release|Any CPU = Release|Any CPU
	EndGlobalSection
	GlobalSection(ProjectConfigurationPlatforms) = postSolution
		{F4AE901C-AF19-449C-9D25-B9CE601BD945}.Debug|Any CPU.ActiveCfg = Debug|Any CPU
		{F4AE901C-AF19-449C-9D25-B9CE601BD945}.Debug|Any CPU.Build.0 = Debug|Any CPU
		{F4AE901C-AF19-449C-9D25-B9CE601BD945}.Release|Any CPU.ActiveCfg = Release|Any CPU
		{F4AE901C-AF19-449C-9D25-B9CE601BD945}.Release|Any CPU.Build.0 = Release|Any CPU
		{BCB5EF31-B82D-4B5C-8ACA-DEED10703572}.Debug|Any CPU.ActiveCfg = Debug|Any CPU
		{BCB5EF31-B82D-4B5C-8ACA-DEED10703572}.Debug|Any CPU.Build.0 = Debug|Any CPU
		{BCB5EF31-B82D-4B5C-8ACA-DEED10703572}.Release|Any CPU.ActiveCfg = Release|Any CPU
		{BCB5EF31-B82D-4B5C-8ACA-DEED10703572}.Release|Any CPU.Build.0 = Release|Any CPU
		{A22E56A7-7DA3-4C2F-85E2-D9CB12200CFC}.Debug|Any CPU.ActiveCfg = Debug|Any CPU
		{A22E56A7-7DA3-4C2F-85E2-D9CB12200CFC}.Debug|Any CPU.Build.0 = Debug|Any CPU
		{A22E56A7-7DA3-4C2F-85E2-D9CB12200CFC}.Release|Any CPU.ActiveCfg = Release|Any CPU
		{A22E56A7-7DA3-4C2F-85E2-D9CB12200CFC}.Release|Any CPU.Build.0 = Release|Any CPU
		{60797012-0D76-45CF-AC74-6372F8FC7857}.Debug|Any CPU.ActiveCfg = Debug|Any CPU
		{60797012-0D76-45CF-AC74-6372F8FC7857}.Debug|Any CPU.Build.0 = Debug|Any CPU
		{60797012-0D76-45CF-AC74-6372F8FC7857}.Release|Any CPU.ActiveCfg = Release|Any CPU
		{60797012-0D76-45CF-AC74-6372F8FC7857}.Release|Any CPU.Build.0 = Release|Any CPU
		{91D440D1-4962-4687-B2EE-F2B69DEC23E0}.Debug|Any CPU.ActiveCfg = Debug|Any CPU
		{91D440D1-4962-4687-B2EE-F2B69DEC23E0}.Debug|Any CPU.Build.0 = Debug|Any CPU
		{91D440D1-4962-4687-B2EE-F2B69DEC23E0}.Release|Any CPU.ActiveCfg = Release|Any CPU
		{91D440D1-4962-4687-B2EE-F2B69DEC23E0}.Release|Any CPU.Build.0 = Release|Any CPU
		{13F45A22-A0CF-4773-A668-DEEAA1AD4144}.Debug|Any CPU.ActiveCfg = Debug|Any CPU
		{13F45A22-A0CF-4773-A668-DEEAA1AD4144}.Debug|Any CPU.Build.0 = Debug|Any CPU
		{13F45A22-A0CF-4773-A668-DEEAA1AD4144}.Release|Any CPU.ActiveCfg = Release|Any CPU
		{13F45A22-A0CF-4773-A668-DEEAA1AD4144}.Release|Any CPU.Build.0 = Release|Any CPU
		{C54D8FBA-F538-4C8C-8843-0CB758E61FD5}.Debug|Any CPU.ActiveCfg = Debug|Any CPU
		{C54D8FBA-F538-4C8C-8843-0CB758E61FD5}.Debug|Any CPU.Build.0 = Debug|Any CPU
		{C54D8FBA-F538-4C8C-8843-0CB758E61FD5}.Release|Any CPU.ActiveCfg = Release|Any CPU
		{C54D8FBA-F538-4C8C-8843-0CB758E61FD5}.Release|Any CPU.Build.0 = Release|Any CPU
	EndGlobalSection
	GlobalSection(SolutionProperties) = preSolution
		HideSolutionNode = FALSE
	EndGlobalSection
EndGlobal
